
Microsoft Visual Studio Solution File, Format Version 12.00
# Visual Studio 15
VisualStudioVersion = 15.0.27703.2026
MinimumVisualStudioVersion = 10.0.40219.1
Project("{FAE04EC0-301F-11D3-BF4B-00C04F79EFBC}") = "PracticaConsulta", "PracticaConsulta\PracticaConsulta.csproj", "{9E1F9B0D-1EF9-4B1D-AD30-A39A9AC5CB04}"
EndProject
Global
	GlobalSection(SolutionConfigurationPlatforms) = preSolution
		Debug|Any CPU = Debug|Any CPU
		Release|Any CPU = Release|Any CPU
	EndGlobalSection
	GlobalSection(ProjectConfigurationPlatforms) = postSolution
		{9E1F9B0D-1EF9-4B1D-AD30-A39A9AC5CB04}.Debug|Any CPU.ActiveCfg = Debug|Any CPU
		{9E1F9B0D-1EF9-4B1D-AD30-A39A9AC5CB04}.Debug|Any CPU.Build.0 = Debug|Any CPU
		{9E1F9B0D-1EF9-4B1D-AD30-A39A9AC5CB04}.Release|Any CPU.ActiveCfg = Release|Any CPU
		{9E1F9B0D-1EF9-4B1D-AD30-A39A9AC5CB04}.Release|Any CPU.Build.0 = Release|Any CPU
	EndGlobalSection
	GlobalSection(SolutionProperties) = preSolution
		HideSolutionNode = FALSE
	EndGlobalSection
	GlobalSection(ExtensibilityGlobals) = postSolution
		SolutionGuid = {1B622A5F-56BB-40FD-AA08-4729B56EC76D}
	EndGlobalSection
EndGlobal
